// !$*UTF8*$!
{
	archiveVersion = 1;
	classes = {
	};
	objectVersion = 46;
	objects = {

/* Begin PBXBuildFile section */
		85B033D41B8BDDD2002804C2 /* Multiple.swift in Sources */ = {isa = PBXBuildFile; fileRef = 85B033D31B8BDDD2002804C2 /* Multiple.swift */; };
		85B033D61B8BFA11002804C2 /* MultipleTest.swift in Sources */ = {isa = PBXBuildFile; fileRef = 85B033D51B8BFA11002804C2 /* MultipleTest.swift */; };
		D92578591B713CAF00AF5882 /* Max.swift in Sources */ = {isa = PBXBuildFile; fileRef = D92578581B713CAF00AF5882 /* Max.swift */; };
		D925785B1B713D4900AF5882 /* MaxTest.swift in Sources */ = {isa = PBXBuildFile; fileRef = D925785A1B713D4900AF5882 /* MaxTest.swift */; };
		D925785D1B71406500AF5882 /* BetweenTest.swift in Sources */ = {isa = PBXBuildFile; fileRef = D925785C1B71406500AF5882 /* BetweenTest.swift */; };
		D925785F1B71407300AF5882 /* Between.swift in Sources */ = {isa = PBXBuildFile; fileRef = D925785E1B71407300AF5882 /* Between.swift */; };
		D92578611B71426200AF5882 /* Positive.swift in Sources */ = {isa = PBXBuildFile; fileRef = D92578601B71426200AF5882 /* Positive.swift */; };
		D92578631B71444500AF5882 /* Negative.swift in Sources */ = {isa = PBXBuildFile; fileRef = D92578621B71444500AF5882 /* Negative.swift */; };
		D92578651B7146A200AF5882 /* PositiveTest.swift in Sources */ = {isa = PBXBuildFile; fileRef = D92578641B7146A200AF5882 /* PositiveTest.swift */; };
		D92578671B71485200AF5882 /* NegativeTest.swift in Sources */ = {isa = PBXBuildFile; fileRef = D92578661B71485200AF5882 /* NegativeTest.swift */; };
		D92578691B7240BF00AF5882 /* EvenTest.swift in Sources */ = {isa = PBXBuildFile; fileRef = D92578681B7240BF00AF5882 /* EvenTest.swift */; };
		D925786B1B7240CE00AF5882 /* Even.swift in Sources */ = {isa = PBXBuildFile; fileRef = D925786A1B7240CE00AF5882 /* Even.swift */; };
		D925786D1B72447E00AF5882 /* Odd.swift in Sources */ = {isa = PBXBuildFile; fileRef = D925786C1B72447E00AF5882 /* Odd.swift */; };
		D925786F1B7244BB00AF5882 /* OddTest.swift in Sources */ = {isa = PBXBuildFile; fileRef = D925786E1B7244BB00AF5882 /* OddTest.swift */; };
		D92578731B72567900AF5882 /* Composite.swift in Sources */ = {isa = PBXBuildFile; fileRef = D92578721B72567900AF5882 /* Composite.swift */; };
		D92578751B7257D900AF5882 /* AllOf.swift in Sources */ = {isa = PBXBuildFile; fileRef = D92578741B7257D900AF5882 /* AllOf.swift */; };
		D92578771B72845200AF5882 /* NoneOf.swift in Sources */ = {isa = PBXBuildFile; fileRef = D92578761B72845200AF5882 /* NoneOf.swift */; };
		D92578791B72854400AF5882 /* AllOfTest.swift in Sources */ = {isa = PBXBuildFile; fileRef = D92578781B72854400AF5882 /* AllOfTest.swift */; };
		D925787B1B7287E600AF5882 /* NoneOfTest.swift in Sources */ = {isa = PBXBuildFile; fileRef = D925787A1B7287E600AF5882 /* NoneOfTest.swift */; };
		D925787D1B729F0700AF5882 /* OneOfTest.swift in Sources */ = {isa = PBXBuildFile; fileRef = D925787C1B729F0700AF5882 /* OneOfTest.swift */; };
		D925787F1B72A0B700AF5882 /* OneOf.swift in Sources */ = {isa = PBXBuildFile; fileRef = D925787E1B72A0B700AF5882 /* OneOf.swift */; };
		D93132BD1AFA6E5900E352C4 /* RuleTest.swift in Sources */ = {isa = PBXBuildFile; fileRef = D93132BC1AFA6E5900E352C4 /* RuleTest.swift */; };
		D95447FB1AF906F3002B4F33 /* Validator.swift in Sources */ = {isa = PBXBuildFile; fileRef = D95447FA1AF906F3002B4F33 /* Validator.swift */; };
		D95447FD1AF907F2002B4F33 /* ValidatorTest.swift in Sources */ = {isa = PBXBuildFile; fileRef = D95447FC1AF907F2002B4F33 /* ValidatorTest.swift */; };
		D95966F41B617F4000234479 /* HexRGBColor.swift in Sources */ = {isa = PBXBuildFile; fileRef = D95966F31B617F4000234479 /* HexRGBColor.swift */; };
		D95966F61B61806900234479 /* HexRGBColorTest.swift in Sources */ = {isa = PBXBuildFile; fileRef = D95966F51B61806900234479 /* HexRGBColorTest.swift */; };
		D9715D741AFA496100352FD1 /* Length.swift in Sources */ = {isa = PBXBuildFile; fileRef = D9715D731AFA496100352FD1 /* Length.swift */; };
		D9739C571B0BCCD2003ED227 /* Version.swift in Sources */ = {isa = PBXBuildFile; fileRef = D9739C561B0BCCD2003ED227 /* Version.swift */; };
		D9739C591B0BCD3D003ED227 /* VersionTest.swift in Sources */ = {isa = PBXBuildFile; fileRef = D9739C581B0BCD3D003ED227 /* VersionTest.swift */; };
		D981B9991B6697B60020AE61 /* Min.swift in Sources */ = {isa = PBXBuildFile; fileRef = D981B9981B6697B60020AE61 /* Min.swift */; };
		D981B99B1B6698C90020AE61 /* MinTest.swift in Sources */ = {isa = PBXBuildFile; fileRef = D981B99A1B6698C90020AE61 /* MinTest.swift */; };
		D982594E1B0A1D6900417C2C /* NoWhitespace.swift in Sources */ = {isa = PBXBuildFile; fileRef = D982594D1B0A1D6900417C2C /* NoWhitespace.swift */; };
		D98259501B0A1D9100417C2C /* NoWhitespaceTest.swift in Sources */ = {isa = PBXBuildFile; fileRef = D982594F1B0A1D9100417C2C /* NoWhitespaceTest.swift */; };
		D98259521B0A219700417C2C /* NotEmpty.swift in Sources */ = {isa = PBXBuildFile; fileRef = D98259511B0A219700417C2C /* NotEmpty.swift */; };
		D98259541B0A21DB00417C2C /* NotEmptyTest.swift in Sources */ = {isa = PBXBuildFile; fileRef = D98259531B0A21DB00417C2C /* NotEmptyTest.swift */; };
		D98259581B0A270D00417C2C /* CPF.swift in Sources */ = {isa = PBXBuildFile; fileRef = D98259571B0A270D00417C2C /* CPF.swift */; };
		D982595C1B0A27B800417C2C /* CPFTest.swift in Sources */ = {isa = PBXBuildFile; fileRef = D982595B1B0A27B800417C2C /* CPFTest.swift */; };
		D982595E1B0A643300417C2C /* Regex.swift in Sources */ = {isa = PBXBuildFile; fileRef = D982595D1B0A643300417C2C /* Regex.swift */; };
		D98259601B0A651800417C2C /* RegexTest.swift in Sources */ = {isa = PBXBuildFile; fileRef = D982595F1B0A651800417C2C /* RegexTest.swift */; };
		D98259621B0A742400417C2C /* Roman.swift in Sources */ = {isa = PBXBuildFile; fileRef = D98259611B0A742400417C2C /* Roman.swift */; };
		D98259641B0A753C00417C2C /* RomanTest.swift in Sources */ = {isa = PBXBuildFile; fileRef = D98259631B0A753C00417C2C /* RomanTest.swift */; };
		D98259671B0A791400417C2C /* AlwaysInvalid.swift in Sources */ = {isa = PBXBuildFile; fileRef = D98259651B0A791400417C2C /* AlwaysInvalid.swift */; };
		D98259681B0A791400417C2C /* AlwaysValid.swift in Sources */ = {isa = PBXBuildFile; fileRef = D98259661B0A791400417C2C /* AlwaysValid.swift */; };
		D982596B1B0A799500417C2C /* AlwaysInvalidTest.swift in Sources */ = {isa = PBXBuildFile; fileRef = D98259691B0A799500417C2C /* AlwaysInvalidTest.swift */; };
		D982596C1B0A799500417C2C /* AlwaysValidTest.swift in Sources */ = {isa = PBXBuildFile; fileRef = D982596A1B0A799500417C2C /* AlwaysValidTest.swift */; };
		D982596E1B0B61CA00417C2C /* Email.swift in Sources */ = {isa = PBXBuildFile; fileRef = D982596D1B0B61CA00417C2C /* Email.swift */; };
		D98259701B0B625A00417C2C /* EmailTest.swift in Sources */ = {isa = PBXBuildFile; fileRef = D982596F1B0B625A00417C2C /* EmailTest.swift */; };
		D98B8E131AF2801900105460 /* AppDelegate.swift in Sources */ = {isa = PBXBuildFile; fileRef = D98B8E121AF2801900105460 /* AppDelegate.swift */; };
		D98B8E351AF2818C00105460 /* Rule.swift in Sources */ = {isa = PBXBuildFile; fileRef = D98B8E341AF2818C00105460 /* Rule.swift */; };
		D98B8E3B1AF282B700105460 /* LengthTest.swift in Sources */ = {isa = PBXBuildFile; fileRef = D98B8E3A1AF282B700105460 /* LengthTest.swift */; };
		D98B8E3D1AF2830600105460 /* Rule.swift in Sources */ = {isa = PBXBuildFile; fileRef = D98B8E341AF2818C00105460 /* Rule.swift */; };
		D98B8E3F1AF2B46A00105460 /* Uppercase.swift in Sources */ = {isa = PBXBuildFile; fileRef = D98B8E3E1AF2B46A00105460 /* Uppercase.swift */; };
		D98B8E411AF2B4A000105460 /* UppercaseTest.swift in Sources */ = {isa = PBXBuildFile; fileRef = D98B8E401AF2B4A000105460 /* UppercaseTest.swift */; };
		D98B8E431AF2B77F00105460 /* Lowercase.swift in Sources */ = {isa = PBXBuildFile; fileRef = D98B8E421AF2B77F00105460 /* Lowercase.swift */; };
		D98B8E451AF2B78800105460 /* LowercaseTest.swift in Sources */ = {isa = PBXBuildFile; fileRef = D98B8E441AF2B78800105460 /* LowercaseTest.swift */; };
		D98B8E471AF2B83100105460 /* StartsWith.swift in Sources */ = {isa = PBXBuildFile; fileRef = D98B8E461AF2B83100105460 /* StartsWith.swift */; };
		D98B8E491AF2B8B600105460 /* StartsWithTest.swift in Sources */ = {isa = PBXBuildFile; fileRef = D98B8E481AF2B8B600105460 /* StartsWithTest.swift */; };
		D98B8E4B1AF2C28200105460 /* EndsWithTest.swift in Sources */ = {isa = PBXBuildFile; fileRef = D98B8E4A1AF2C28200105460 /* EndsWithTest.swift */; };
		D98B8E4D1AF2C28700105460 /* EndsWith.swift in Sources */ = {isa = PBXBuildFile; fileRef = D98B8E4C1AF2C28700105460 /* EndsWith.swift */; };
		D98B8E4F1AF2C3BD00105460 /* Contains.swift in Sources */ = {isa = PBXBuildFile; fileRef = D98B8E4E1AF2C3BD00105460 /* Contains.swift */; };
		D98B8E511AF2C3C600105460 /* ContainsTest.swift in Sources */ = {isa = PBXBuildFile; fileRef = D98B8E501AF2C3C600105460 /* ContainsTest.swift */; };
/* End PBXBuildFile section */

/* Begin PBXContainerItemProxy section */
		D98B8E231AF2801900105460 /* PBXContainerItemProxy */ = {
			isa = PBXContainerItemProxy;
			containerPortal = D98B8E051AF2801900105460 /* Project object */;
			proxyType = 1;
			remoteGlobalIDString = D98B8E0C1AF2801900105460;
			remoteInfo = Honour;
		};
/* End PBXContainerItemProxy section */

/* Begin PBXFileReference section */
		85B033D31B8BDDD2002804C2 /* Multiple.swift */ = {isa = PBXFileReference; fileEncoding = 4; lastKnownFileType = sourcecode.swift; path = Multiple.swift; sourceTree = "<group>"; };
		85B033D51B8BFA11002804C2 /* MultipleTest.swift */ = {isa = PBXFileReference; fileEncoding = 4; lastKnownFileType = sourcecode.swift; path = MultipleTest.swift; sourceTree = "<group>"; };
		D92578581B713CAF00AF5882 /* Max.swift */ = {isa = PBXFileReference; fileEncoding = 4; lastKnownFileType = sourcecode.swift; path = Max.swift; sourceTree = "<group>"; };
		D925785A1B713D4900AF5882 /* MaxTest.swift */ = {isa = PBXFileReference; fileEncoding = 4; lastKnownFileType = sourcecode.swift; path = MaxTest.swift; sourceTree = "<group>"; };
		D925785C1B71406500AF5882 /* BetweenTest.swift */ = {isa = PBXFileReference; fileEncoding = 4; lastKnownFileType = sourcecode.swift; path = BetweenTest.swift; sourceTree = "<group>"; };
		D925785E1B71407300AF5882 /* Between.swift */ = {isa = PBXFileReference; fileEncoding = 4; lastKnownFileType = sourcecode.swift; path = Between.swift; sourceTree = "<group>"; };
		D92578601B71426200AF5882 /* Positive.swift */ = {isa = PBXFileReference; fileEncoding = 4; lastKnownFileType = sourcecode.swift; path = Positive.swift; sourceTree = "<group>"; };
		D92578621B71444500AF5882 /* Negative.swift */ = {isa = PBXFileReference; fileEncoding = 4; lastKnownFileType = sourcecode.swift; path = Negative.swift; sourceTree = "<group>"; };
		D92578641B7146A200AF5882 /* PositiveTest.swift */ = {isa = PBXFileReference; fileEncoding = 4; lastKnownFileType = sourcecode.swift; path = PositiveTest.swift; sourceTree = "<group>"; };
		D92578661B71485200AF5882 /* NegativeTest.swift */ = {isa = PBXFileReference; fileEncoding = 4; lastKnownFileType = sourcecode.swift; path = NegativeTest.swift; sourceTree = "<group>"; };
		D92578681B7240BF00AF5882 /* EvenTest.swift */ = {isa = PBXFileReference; fileEncoding = 4; lastKnownFileType = sourcecode.swift; path = EvenTest.swift; sourceTree = "<group>"; };
		D925786A1B7240CE00AF5882 /* Even.swift */ = {isa = PBXFileReference; fileEncoding = 4; lastKnownFileType = sourcecode.swift; path = Even.swift; sourceTree = "<group>"; };
		D925786C1B72447E00AF5882 /* Odd.swift */ = {isa = PBXFileReference; fileEncoding = 4; lastKnownFileType = sourcecode.swift; path = Odd.swift; sourceTree = "<group>"; };
		D925786E1B7244BB00AF5882 /* OddTest.swift */ = {isa = PBXFileReference; fileEncoding = 4; lastKnownFileType = sourcecode.swift; path = OddTest.swift; sourceTree = "<group>"; };
		D92578721B72567900AF5882 /* Composite.swift */ = {isa = PBXFileReference; fileEncoding = 4; lastKnownFileType = sourcecode.swift; path = Composite.swift; sourceTree = "<group>"; };
		D92578741B7257D900AF5882 /* AllOf.swift */ = {isa = PBXFileReference; fileEncoding = 4; lastKnownFileType = sourcecode.swift; path = AllOf.swift; sourceTree = "<group>"; };
		D92578761B72845200AF5882 /* NoneOf.swift */ = {isa = PBXFileReference; fileEncoding = 4; lastKnownFileType = sourcecode.swift; path = NoneOf.swift; sourceTree = "<group>"; };
		D92578781B72854400AF5882 /* AllOfTest.swift */ = {isa = PBXFileReference; fileEncoding = 4; lastKnownFileType = sourcecode.swift; path = AllOfTest.swift; sourceTree = "<group>"; };
		D925787A1B7287E600AF5882 /* NoneOfTest.swift */ = {isa = PBXFileReference; fileEncoding = 4; lastKnownFileType = sourcecode.swift; path = NoneOfTest.swift; sourceTree = "<group>"; };
		D925787C1B729F0700AF5882 /* OneOfTest.swift */ = {isa = PBXFileReference; fileEncoding = 4; lastKnownFileType = sourcecode.swift; path = OneOfTest.swift; sourceTree = "<group>"; };
		D925787E1B72A0B700AF5882 /* OneOf.swift */ = {isa = PBXFileReference; fileEncoding = 4; lastKnownFileType = sourcecode.swift; path = OneOf.swift; sourceTree = "<group>"; };
		D93132BC1AFA6E5900E352C4 /* RuleTest.swift */ = {isa = PBXFileReference; fileEncoding = 4; lastKnownFileType = sourcecode.swift; path = RuleTest.swift; sourceTree = "<group>"; };
		D95447FA1AF906F3002B4F33 /* Validator.swift */ = {isa = PBXFileReference; fileEncoding = 4; lastKnownFileType = sourcecode.swift; path = Validator.swift; sourceTree = "<group>"; };
		D95447FC1AF907F2002B4F33 /* ValidatorTest.swift */ = {isa = PBXFileReference; fileEncoding = 4; lastKnownFileType = sourcecode.swift; path = ValidatorTest.swift; sourceTree = "<group>"; };
		D95966F31B617F4000234479 /* HexRGBColor.swift */ = {isa = PBXFileReference; fileEncoding = 4; lastKnownFileType = sourcecode.swift; path = HexRGBColor.swift; sourceTree = "<group>"; };
		D95966F51B61806900234479 /* HexRGBColorTest.swift */ = {isa = PBXFileReference; fileEncoding = 4; lastKnownFileType = sourcecode.swift; path = HexRGBColorTest.swift; sourceTree = "<group>"; };
		D9715D731AFA496100352FD1 /* Length.swift */ = {isa = PBXFileReference; fileEncoding = 4; lastKnownFileType = sourcecode.swift; path = Length.swift; sourceTree = "<group>"; };
		D9739C561B0BCCD2003ED227 /* Version.swift */ = {isa = PBXFileReference; fileEncoding = 4; lastKnownFileType = sourcecode.swift; path = Version.swift; sourceTree = "<group>"; };
		D9739C581B0BCD3D003ED227 /* VersionTest.swift */ = {isa = PBXFileReference; fileEncoding = 4; lastKnownFileType = sourcecode.swift; path = VersionTest.swift; sourceTree = "<group>"; };
		D981B9981B6697B60020AE61 /* Min.swift */ = {isa = PBXFileReference; fileEncoding = 4; lastKnownFileType = sourcecode.swift; path = Min.swift; sourceTree = "<group>"; };
		D981B99A1B6698C90020AE61 /* MinTest.swift */ = {isa = PBXFileReference; fileEncoding = 4; lastKnownFileType = sourcecode.swift; path = MinTest.swift; sourceTree = "<group>"; };
		D982594D1B0A1D6900417C2C /* NoWhitespace.swift */ = {isa = PBXFileReference; fileEncoding = 4; lastKnownFileType = sourcecode.swift; path = NoWhitespace.swift; sourceTree = "<group>"; };
		D982594F1B0A1D9100417C2C /* NoWhitespaceTest.swift */ = {isa = PBXFileReference; fileEncoding = 4; lastKnownFileType = sourcecode.swift; path = NoWhitespaceTest.swift; sourceTree = "<group>"; };
		D98259511B0A219700417C2C /* NotEmpty.swift */ = {isa = PBXFileReference; fileEncoding = 4; lastKnownFileType = sourcecode.swift; path = NotEmpty.swift; sourceTree = "<group>"; };
		D98259531B0A21DB00417C2C /* NotEmptyTest.swift */ = {isa = PBXFileReference; fileEncoding = 4; lastKnownFileType = sourcecode.swift; path = NotEmptyTest.swift; sourceTree = "<group>"; };
		D98259571B0A270D00417C2C /* CPF.swift */ = {isa = PBXFileReference; fileEncoding = 4; lastKnownFileType = sourcecode.swift; path = CPF.swift; sourceTree = "<group>"; };
		D982595B1B0A27B800417C2C /* CPFTest.swift */ = {isa = PBXFileReference; fileEncoding = 4; lastKnownFileType = sourcecode.swift; path = CPFTest.swift; sourceTree = "<group>"; };
		D982595D1B0A643300417C2C /* Regex.swift */ = {isa = PBXFileReference; fileEncoding = 4; lastKnownFileType = sourcecode.swift; path = Regex.swift; sourceTree = "<group>"; };
		D982595F1B0A651800417C2C /* RegexTest.swift */ = {isa = PBXFileReference; fileEncoding = 4; lastKnownFileType = sourcecode.swift; path = RegexTest.swift; sourceTree = "<group>"; };
		D98259611B0A742400417C2C /* Roman.swift */ = {isa = PBXFileReference; fileEncoding = 4; lastKnownFileType = sourcecode.swift; path = Roman.swift; sourceTree = "<group>"; };
		D98259631B0A753C00417C2C /* RomanTest.swift */ = {isa = PBXFileReference; fileEncoding = 4; lastKnownFileType = sourcecode.swift; path = RomanTest.swift; sourceTree = "<group>"; };
		D98259651B0A791400417C2C /* AlwaysInvalid.swift */ = {isa = PBXFileReference; fileEncoding = 4; lastKnownFileType = sourcecode.swift; path = AlwaysInvalid.swift; sourceTree = "<group>"; };
		D98259661B0A791400417C2C /* AlwaysValid.swift */ = {isa = PBXFileReference; fileEncoding = 4; lastKnownFileType = sourcecode.swift; path = AlwaysValid.swift; sourceTree = "<group>"; };
		D98259691B0A799500417C2C /* AlwaysInvalidTest.swift */ = {isa = PBXFileReference; fileEncoding = 4; lastKnownFileType = sourcecode.swift; path = AlwaysInvalidTest.swift; sourceTree = "<group>"; };
		D982596A1B0A799500417C2C /* AlwaysValidTest.swift */ = {isa = PBXFileReference; fileEncoding = 4; lastKnownFileType = sourcecode.swift; path = AlwaysValidTest.swift; sourceTree = "<group>"; };
		D982596D1B0B61CA00417C2C /* Email.swift */ = {isa = PBXFileReference; fileEncoding = 4; lastKnownFileType = sourcecode.swift; path = Email.swift; sourceTree = "<group>"; };
		D982596F1B0B625A00417C2C /* EmailTest.swift */ = {isa = PBXFileReference; fileEncoding = 4; lastKnownFileType = sourcecode.swift; path = EmailTest.swift; sourceTree = "<group>"; };
		D98B8E0D1AF2801900105460 /* Honour.app */ = {isa = PBXFileReference; explicitFileType = wrapper.application; includeInIndex = 0; path = Honour.app; sourceTree = BUILT_PRODUCTS_DIR; };
		D98B8E111AF2801900105460 /* Info.plist */ = {isa = PBXFileReference; lastKnownFileType = text.plist.xml; path = Info.plist; sourceTree = "<group>"; };
		D98B8E121AF2801900105460 /* AppDelegate.swift */ = {isa = PBXFileReference; lastKnownFileType = sourcecode.swift; path = AppDelegate.swift; sourceTree = "<group>"; };
		D98B8E221AF2801900105460 /* HonourTests.xctest */ = {isa = PBXFileReference; explicitFileType = wrapper.cfbundle; includeInIndex = 0; path = HonourTests.xctest; sourceTree = BUILT_PRODUCTS_DIR; };
		D98B8E271AF2801900105460 /* Info.plist */ = {isa = PBXFileReference; lastKnownFileType = text.plist.xml; path = Info.plist; sourceTree = "<group>"; };
		D98B8E341AF2818C00105460 /* Rule.swift */ = {isa = PBXFileReference; fileEncoding = 4; lastKnownFileType = sourcecode.swift; path = Rule.swift; sourceTree = "<group>"; };
		D98B8E3A1AF282B700105460 /* LengthTest.swift */ = {isa = PBXFileReference; fileEncoding = 4; lastKnownFileType = sourcecode.swift; path = LengthTest.swift; sourceTree = "<group>"; };
		D98B8E3E1AF2B46A00105460 /* Uppercase.swift */ = {isa = PBXFileReference; fileEncoding = 4; lastKnownFileType = sourcecode.swift; path = Uppercase.swift; sourceTree = "<group>"; };
		D98B8E401AF2B4A000105460 /* UppercaseTest.swift */ = {isa = PBXFileReference; fileEncoding = 4; lastKnownFileType = sourcecode.swift; path = UppercaseTest.swift; sourceTree = "<group>"; };
		D98B8E421AF2B77F00105460 /* Lowercase.swift */ = {isa = PBXFileReference; fileEncoding = 4; lastKnownFileType = sourcecode.swift; path = Lowercase.swift; sourceTree = "<group>"; };
		D98B8E441AF2B78800105460 /* LowercaseTest.swift */ = {isa = PBXFileReference; fileEncoding = 4; lastKnownFileType = sourcecode.swift; path = LowercaseTest.swift; sourceTree = "<group>"; };
		D98B8E461AF2B83100105460 /* StartsWith.swift */ = {isa = PBXFileReference; fileEncoding = 4; lastKnownFileType = sourcecode.swift; path = StartsWith.swift; sourceTree = "<group>"; };
		D98B8E481AF2B8B600105460 /* StartsWithTest.swift */ = {isa = PBXFileReference; fileEncoding = 4; lastKnownFileType = sourcecode.swift; path = StartsWithTest.swift; sourceTree = "<group>"; };
		D98B8E4A1AF2C28200105460 /* EndsWithTest.swift */ = {isa = PBXFileReference; fileEncoding = 4; lastKnownFileType = sourcecode.swift; path = EndsWithTest.swift; sourceTree = "<group>"; };
		D98B8E4C1AF2C28700105460 /* EndsWith.swift */ = {isa = PBXFileReference; fileEncoding = 4; lastKnownFileType = sourcecode.swift; path = EndsWith.swift; sourceTree = "<group>"; };
		D98B8E4E1AF2C3BD00105460 /* Contains.swift */ = {isa = PBXFileReference; fileEncoding = 4; lastKnownFileType = sourcecode.swift; path = Contains.swift; sourceTree = "<group>"; };
		D98B8E501AF2C3C600105460 /* ContainsTest.swift */ = {isa = PBXFileReference; fileEncoding = 4; lastKnownFileType = sourcecode.swift; path = ContainsTest.swift; sourceTree = "<group>"; };
/* End PBXFileReference section */

/* Begin PBXFrameworksBuildPhase section */
		D98B8E0A1AF2801900105460 /* Frameworks */ = {
			isa = PBXFrameworksBuildPhase;
			buildActionMask = 2147483647;
			files = (
			);
			runOnlyForDeploymentPostprocessing = 0;
		};
		D98B8E1F1AF2801900105460 /* Frameworks */ = {
			isa = PBXFrameworksBuildPhase;
			buildActionMask = 2147483647;
			files = (
			);
			runOnlyForDeploymentPostprocessing = 0;
		};
/* End PBXFrameworksBuildPhase section */

/* Begin PBXGroup section */
		D98259551B0A270D00417C2C /* Locale */ = {
			isa = PBXGroup;
			children = (
				D98259561B0A270D00417C2C /* BR */,
			);
			path = Locale;
			sourceTree = "<group>";
		};
		D98259561B0A270D00417C2C /* BR */ = {
			isa = PBXGroup;
			children = (
				D98259571B0A270D00417C2C /* CPF.swift */,
			);
			path = BR;
			sourceTree = "<group>";
		};
		D98259591B0A27B800417C2C /* Locale */ = {
			isa = PBXGroup;
			children = (
				D982595A1B0A27B800417C2C /* BR */,
			);
			path = Locale;
			sourceTree = "<group>";
		};
		D982595A1B0A27B800417C2C /* BR */ = {
			isa = PBXGroup;
			children = (
				D982595B1B0A27B800417C2C /* CPFTest.swift */,
			);
			path = BR;
			sourceTree = "<group>";
		};
		D98B8E041AF2801900105460 = {
			isa = PBXGroup;
			children = (
				D98B8E0F1AF2801900105460 /* Honour */,
				D98B8E251AF2801900105460 /* HonourTests */,
				D98B8E0E1AF2801900105460 /* Products */,
			);
			sourceTree = "<group>";
		};
		D98B8E0E1AF2801900105460 /* Products */ = {
			isa = PBXGroup;
			children = (
				D98B8E0D1AF2801900105460 /* Honour.app */,
				D98B8E221AF2801900105460 /* HonourTests.xctest */,
			);
			name = Products;
			sourceTree = "<group>";
		};
		D98B8E0F1AF2801900105460 /* Honour */ = {
			isa = PBXGroup;
			children = (
				D98B8E321AF2817E00105460 /* Library */,
				D98B8E121AF2801900105460 /* AppDelegate.swift */,
				D98B8E101AF2801900105460 /* Supporting Files */,
			);
			path = Honour;
			sourceTree = "<group>";
		};
		D98B8E101AF2801900105460 /* Supporting Files */ = {
			isa = PBXGroup;
			children = (
				D98B8E111AF2801900105460 /* Info.plist */,
			);
			name = "Supporting Files";
			sourceTree = "<group>";
		};
		D98B8E251AF2801900105460 /* HonourTests */ = {
			isa = PBXGroup;
			children = (
				D98B8E381AF2827B00105460 /* Library */,
				D98B8E261AF2801900105460 /* Supporting Files */,
			);
			path = HonourTests;
			sourceTree = "<group>";
		};
		D98B8E261AF2801900105460 /* Supporting Files */ = {
			isa = PBXGroup;
			children = (
				D98B8E271AF2801900105460 /* Info.plist */,
			);
			name = "Supporting Files";
			sourceTree = "<group>";
		};
		D98B8E321AF2817E00105460 /* Library */ = {
			isa = PBXGroup;
			children = (
				D98B8E341AF2818C00105460 /* Rule.swift */,
				D95447FA1AF906F3002B4F33 /* Validator.swift */,
				D98B8E331AF2817E00105460 /* Rules */,
			);
			path = Library;
			sourceTree = "<group>";
		};
		D98B8E331AF2817E00105460 /* Rules */ = {
			isa = PBXGroup;
			children = (
				85B033D31B8BDDD2002804C2 /* Multiple.swift */,
				D92578721B72567900AF5882 /* Composite.swift */,
				D92578741B7257D900AF5882 /* AllOf.swift */,
				D98259651B0A791400417C2C /* AlwaysInvalid.swift */,
				D98259661B0A791400417C2C /* AlwaysValid.swift */,
				D925785E1B71407300AF5882 /* Between.swift */,
				D98B8E4E1AF2C3BD00105460 /* Contains.swift */,
				D982596D1B0B61CA00417C2C /* Email.swift */,
				D98B8E4C1AF2C28700105460 /* EndsWith.swift */,
				D925786A1B7240CE00AF5882 /* Even.swift */,
				D95966F31B617F4000234479 /* HexRGBColor.swift */,
				D9715D731AFA496100352FD1 /* Length.swift */,
				D98B8E421AF2B77F00105460 /* Lowercase.swift */,
				D981B9981B6697B60020AE61 /* Min.swift */,
				D92578581B713CAF00AF5882 /* Max.swift */,
				D92578621B71444500AF5882 /* Negative.swift */,
				D92578761B72845200AF5882 /* NoneOf.swift */,
				D98259511B0A219700417C2C /* NotEmpty.swift */,
				D982594D1B0A1D6900417C2C /* NoWhitespace.swift */,
				D925786C1B72447E00AF5882 /* Odd.swift */,
				D925787E1B72A0B700AF5882 /* OneOf.swift */,
				D92578601B71426200AF5882 /* Positive.swift */,
				D982595D1B0A643300417C2C /* Regex.swift */,
				D98259611B0A742400417C2C /* Roman.swift */,
				D98B8E461AF2B83100105460 /* StartsWith.swift */,
				D98B8E3E1AF2B46A00105460 /* Uppercase.swift */,
				D9739C561B0BCCD2003ED227 /* Version.swift */,
				D98259551B0A270D00417C2C /* Locale */,
			);
			path = Rules;
			sourceTree = "<group>";
		};
		D98B8E381AF2827B00105460 /* Library */ = {
			isa = PBXGroup;
			children = (
				D93132BC1AFA6E5900E352C4 /* RuleTest.swift */,
				D95447FC1AF907F2002B4F33 /* ValidatorTest.swift */,
				D98B8E391AF2827B00105460 /* Rules */,
			);
			path = Library;
			sourceTree = "<group>";
		};
		D98B8E391AF2827B00105460 /* Rules */ = {
			isa = PBXGroup;
			children = (
				85B033D51B8BFA11002804C2 /* MultipleTest.swift */,
				D92578781B72854400AF5882 /* AllOfTest.swift */,
				D98259691B0A799500417C2C /* AlwaysInvalidTest.swift */,
				D982596A1B0A799500417C2C /* AlwaysValidTest.swift */,
				D925785C1B71406500AF5882 /* BetweenTest.swift */,
				D98B8E501AF2C3C600105460 /* ContainsTest.swift */,
				D982596F1B0B625A00417C2C /* EmailTest.swift */,
				D98B8E4A1AF2C28200105460 /* EndsWithTest.swift */,
				D92578681B7240BF00AF5882 /* EvenTest.swift */,
				D95966F51B61806900234479 /* HexRGBColorTest.swift */,
				D98B8E3A1AF282B700105460 /* LengthTest.swift */,
				D98B8E441AF2B78800105460 /* LowercaseTest.swift */,
				D981B99A1B6698C90020AE61 /* MinTest.swift */,
				D925785A1B713D4900AF5882 /* MaxTest.swift */,
				D92578661B71485200AF5882 /* NegativeTest.swift */,
				D925787A1B7287E600AF5882 /* NoneOfTest.swift */,
				D98259531B0A21DB00417C2C /* NotEmptyTest.swift */,
				D982594F1B0A1D9100417C2C /* NoWhitespaceTest.swift */,
				D925786E1B7244BB00AF5882 /* OddTest.swift */,
				D925787C1B729F0700AF5882 /* OneOfTest.swift */,
				D92578641B7146A200AF5882 /* PositiveTest.swift */,
				D982595F1B0A651800417C2C /* RegexTest.swift */,
				D98259631B0A753C00417C2C /* RomanTest.swift */,
				D98B8E481AF2B8B600105460 /* StartsWithTest.swift */,
				D98B8E401AF2B4A000105460 /* UppercaseTest.swift */,
				D9739C581B0BCD3D003ED227 /* VersionTest.swift */,
				D98259591B0A27B800417C2C /* Locale */,
			);
			path = Rules;
			sourceTree = "<group>";
		};
/* End PBXGroup section */

/* Begin PBXNativeTarget section */
		D98B8E0C1AF2801900105460 /* Honour */ = {
			isa = PBXNativeTarget;
			buildConfigurationList = D98B8E2C1AF2801900105460 /* Build configuration list for PBXNativeTarget "Honour" */;
			buildPhases = (
				D98B8E091AF2801900105460 /* Sources */,
				D98B8E0A1AF2801900105460 /* Frameworks */,
				D98B8E0B1AF2801900105460 /* Resources */,
			);
			buildRules = (
			);
			dependencies = (
			);
			name = Honour;
			productName = Honour;
			productReference = D98B8E0D1AF2801900105460 /* Honour.app */;
			productType = "com.apple.product-type.application";
		};
		D98B8E211AF2801900105460 /* HonourTests */ = {
			isa = PBXNativeTarget;
			buildConfigurationList = D98B8E2F1AF2801900105460 /* Build configuration list for PBXNativeTarget "HonourTests" */;
			buildPhases = (
				D98B8E1E1AF2801900105460 /* Sources */,
				D98B8E1F1AF2801900105460 /* Frameworks */,
				D98B8E201AF2801900105460 /* Resources */,
			);
			buildRules = (
			);
			dependencies = (
				D98B8E241AF2801900105460 /* PBXTargetDependency */,
			);
			name = HonourTests;
			productName = HonourTests;
			productReference = D98B8E221AF2801900105460 /* HonourTests.xctest */;
			productType = "com.apple.product-type.bundle.unit-test";
		};
/* End PBXNativeTarget section */

/* Begin PBXProject section */
		D98B8E051AF2801900105460 /* Project object */ = {
			isa = PBXProject;
			attributes = {
				LastUpgradeCheck = 0630;
				ORGANIZATIONNAME = Honour;
				TargetAttributes = {
					D98B8E0C1AF2801900105460 = {
						CreatedOnToolsVersion = 6.3;
					};
					D98B8E211AF2801900105460 = {
						CreatedOnToolsVersion = 6.3;
						TestTargetID = D98B8E0C1AF2801900105460;
					};
				};
			};
			buildConfigurationList = D98B8E081AF2801900105460 /* Build configuration list for PBXProject "Honour" */;
			compatibilityVersion = "Xcode 3.2";
			developmentRegion = English;
			hasScannedForEncodings = 0;
			knownRegions = (
				en,
				Base,
			);
			mainGroup = D98B8E041AF2801900105460;
			productRefGroup = D98B8E0E1AF2801900105460 /* Products */;
			projectDirPath = "";
			projectRoot = "";
			targets = (
				D98B8E0C1AF2801900105460 /* Honour */,
				D98B8E211AF2801900105460 /* HonourTests */,
			);
		};
/* End PBXProject section */

/* Begin PBXResourcesBuildPhase section */
		D98B8E0B1AF2801900105460 /* Resources */ = {
			isa = PBXResourcesBuildPhase;
			buildActionMask = 2147483647;
			files = (
			);
			runOnlyForDeploymentPostprocessing = 0;
		};
		D98B8E201AF2801900105460 /* Resources */ = {
			isa = PBXResourcesBuildPhase;
			buildActionMask = 2147483647;
			files = (
			);
			runOnlyForDeploymentPostprocessing = 0;
		};
/* End PBXResourcesBuildPhase section */

/* Begin PBXSourcesBuildPhase section */
		D98B8E091AF2801900105460 /* Sources */ = {
			isa = PBXSourcesBuildPhase;
			buildActionMask = 2147483647;
			files = (
				D98B8E4F1AF2C3BD00105460 /* Contains.swift in Sources */,
				D95447FB1AF906F3002B4F33 /* Validator.swift in Sources */,
				D92578591B713CAF00AF5882 /* Max.swift in Sources */,
				D95966F41B617F4000234479 /* HexRGBColor.swift in Sources */,
				D92578611B71426200AF5882 /* Positive.swift in Sources */,
				D98B8E131AF2801900105460 /* AppDelegate.swift in Sources */,
				D98B8E4D1AF2C28700105460 /* EndsWith.swift in Sources */,
				D9715D741AFA496100352FD1 /* Length.swift in Sources */,
				D98B8E471AF2B83100105460 /* StartsWith.swift in Sources */,
				D98259521B0A219700417C2C /* NotEmpty.swift in Sources */,
				D98259671B0A791400417C2C /* AlwaysInvalid.swift in Sources */,
				D925787F1B72A0B700AF5882 /* OneOf.swift in Sources */,
				D981B9991B6697B60020AE61 /* Min.swift in Sources */,
				D925785F1B71407300AF5882 /* Between.swift in Sources */,
				D92578751B7257D900AF5882 /* AllOf.swift in Sources */,
				D925786D1B72447E00AF5882 /* Odd.swift in Sources */,
				D925786B1B7240CE00AF5882 /* Even.swift in Sources */,
				D98B8E3F1AF2B46A00105460 /* Uppercase.swift in Sources */,
				D98B8E351AF2818C00105460 /* Rule.swift in Sources */,
				D9739C571B0BCCD2003ED227 /* Version.swift in Sources */,
				D98259621B0A742400417C2C /* Roman.swift in Sources */,
				D98B8E431AF2B77F00105460 /* Lowercase.swift in Sources */,
				D982596E1B0B61CA00417C2C /* Email.swift in Sources */,
				D982594E1B0A1D6900417C2C /* NoWhitespace.swift in Sources */,
				D98259681B0A791400417C2C /* AlwaysValid.swift in Sources */,
				D98259581B0A270D00417C2C /* CPF.swift in Sources */,
				D92578731B72567900AF5882 /* Composite.swift in Sources */,
				D92578631B71444500AF5882 /* Negative.swift in Sources */,
				D92578771B72845200AF5882 /* NoneOf.swift in Sources */,
				D982595E1B0A643300417C2C /* Regex.swift in Sources */,
				85B033D41B8BDDD2002804C2 /* Multiple.swift in Sources */,
			);
			runOnlyForDeploymentPostprocessing = 0;
		};
		D98B8E1E1AF2801900105460 /* Sources */ = {
			isa = PBXSourcesBuildPhase;
			buildActionMask = 2147483647;
			files = (
				D92578791B72854400AF5882 /* AllOfTest.swift in Sources */,
				D92578671B71485200AF5882 /* NegativeTest.swift in Sources */,
				D93132BD1AFA6E5900E352C4 /* RuleTest.swift in Sources */,
				D982596C1B0A799500417C2C /* AlwaysValidTest.swift in Sources */,
				D925787B1B7287E600AF5882 /* NoneOfTest.swift in Sources */,
				D98B8E511AF2C3C600105460 /* ContainsTest.swift in Sources */,
				D981B99B1B6698C90020AE61 /* MinTest.swift in Sources */,
				D95447FD1AF907F2002B4F33 /* ValidatorTest.swift in Sources */,
				D98B8E3D1AF2830600105460 /* Rule.swift in Sources */,
				85B033D61B8BFA11002804C2 /* MultipleTest.swift in Sources */,
				D98B8E3B1AF282B700105460 /* LengthTest.swift in Sources */,
				D982596B1B0A799500417C2C /* AlwaysInvalidTest.swift in Sources */,
				D925786F1B7244BB00AF5882 /* OddTest.swift in Sources */,
				D92578651B7146A200AF5882 /* PositiveTest.swift in Sources */,
				D92578691B7240BF00AF5882 /* EvenTest.swift in Sources */,
				D95966F61B61806900234479 /* HexRGBColorTest.swift in Sources */,
				D982595C1B0A27B800417C2C /* CPFTest.swift in Sources */,
				D98B8E491AF2B8B600105460 /* StartsWithTest.swift in Sources */,
				D98B8E451AF2B78800105460 /* LowercaseTest.swift in Sources */,
				D925785D1B71406500AF5882 /* BetweenTest.swift in Sources */,
				D9739C591B0BCD3D003ED227 /* VersionTest.swift in Sources */,
				D98259501B0A1D9100417C2C /* NoWhitespaceTest.swift in Sources */,
				D98B8E411AF2B4A000105460 /* UppercaseTest.swift in Sources */,
				D98259701B0B625A00417C2C /* EmailTest.swift in Sources */,
				D98B8E4B1AF2C28200105460 /* EndsWithTest.swift in Sources */,
				D98259641B0A753C00417C2C /* RomanTest.swift in Sources */,
				D925787D1B729F0700AF5882 /* OneOfTest.swift in Sources */,
				D98259601B0A651800417C2C /* RegexTest.swift in Sources */,
				D925785B1B713D4900AF5882 /* MaxTest.swift in Sources */,
				D98259541B0A21DB00417C2C /* NotEmptyTest.swift in Sources */,
			);
			runOnlyForDeploymentPostprocessing = 0;
		};
/* End PBXSourcesBuildPhase section */

/* Begin PBXTargetDependency section */
		D98B8E241AF2801900105460 /* PBXTargetDependency */ = {
			isa = PBXTargetDependency;
			target = D98B8E0C1AF2801900105460 /* Honour */;
			targetProxy = D98B8E231AF2801900105460 /* PBXContainerItemProxy */;
		};
/* End PBXTargetDependency section */

/* Begin XCBuildConfiguration section */
		D98B8E2A1AF2801900105460 /* Debug */ = {
			isa = XCBuildConfiguration;
			buildSettings = {
				ALWAYS_SEARCH_USER_PATHS = NO;
				CLANG_CXX_LANGUAGE_STANDARD = "gnu++0x";
				CLANG_CXX_LIBRARY = "libc++";
				CLANG_ENABLE_MODULES = YES;
				CLANG_ENABLE_OBJC_ARC = YES;
				CLANG_WARN_BOOL_CONVERSION = YES;
				CLANG_WARN_CONSTANT_CONVERSION = YES;
				CLANG_WARN_DIRECT_OBJC_ISA_USAGE = YES_ERROR;
				CLANG_WARN_EMPTY_BODY = YES;
				CLANG_WARN_ENUM_CONVERSION = YES;
				CLANG_WARN_INT_CONVERSION = YES;
				CLANG_WARN_OBJC_ROOT_CLASS = YES_ERROR;
				CLANG_WARN_UNREACHABLE_CODE = YES;
				CLANG_WARN__DUPLICATE_METHOD_MATCH = YES;
				"CODE_SIGN_IDENTITY[sdk=iphoneos*]" = "iPhone Developer";
				COPY_PHASE_STRIP = NO;
				DEBUG_INFORMATION_FORMAT = "dwarf-with-dsym";
				DEFINES_MODULE = YES;
				ENABLE_STRICT_OBJC_MSGSEND = YES;
				GCC_C_LANGUAGE_STANDARD = gnu99;
				GCC_DYNAMIC_NO_PIC = NO;
				GCC_NO_COMMON_BLOCKS = YES;
				GCC_OPTIMIZATION_LEVEL = 0;
				GCC_PREPROCESSOR_DEFINITIONS = (
					"DEBUG=1",
					"$(inherited)",
				);
				GCC_SYMBOLS_PRIVATE_EXTERN = NO;
				GCC_WARN_64_TO_32_BIT_CONVERSION = YES;
				GCC_WARN_ABOUT_RETURN_TYPE = YES_ERROR;
				GCC_WARN_UNDECLARED_SELECTOR = YES;
				GCC_WARN_UNINITIALIZED_AUTOS = YES_AGGRESSIVE;
				GCC_WARN_UNUSED_FUNCTION = YES;
				GCC_WARN_UNUSED_VARIABLE = YES;
				IPHONEOS_DEPLOYMENT_TARGET = 7.0;
				MTL_ENABLE_DEBUG_INFO = YES;
				ONLY_ACTIVE_ARCH = YES;
				SDKROOT = iphoneos;
				SWIFT_OPTIMIZATION_LEVEL = "-Onone";
				TARGETED_DEVICE_FAMILY = "1,2";
			};
			name = Debug;
		};
		D98B8E2B1AF2801900105460 /* Release */ = {
			isa = XCBuildConfiguration;
			buildSettings = {
				ALWAYS_SEARCH_USER_PATHS = NO;
				CLANG_CXX_LANGUAGE_STANDARD = "gnu++0x";
				CLANG_CXX_LIBRARY = "libc++";
				CLANG_ENABLE_MODULES = YES;
				CLANG_ENABLE_OBJC_ARC = YES;
				CLANG_WARN_BOOL_CONVERSION = YES;
				CLANG_WARN_CONSTANT_CONVERSION = YES;
				CLANG_WARN_DIRECT_OBJC_ISA_USAGE = YES_ERROR;
				CLANG_WARN_EMPTY_BODY = YES;
				CLANG_WARN_ENUM_CONVERSION = YES;
				CLANG_WARN_INT_CONVERSION = YES;
				CLANG_WARN_OBJC_ROOT_CLASS = YES_ERROR;
				CLANG_WARN_UNREACHABLE_CODE = YES;
				CLANG_WARN__DUPLICATE_METHOD_MATCH = YES;
				"CODE_SIGN_IDENTITY[sdk=iphoneos*]" = "iPhone Developer";
				COPY_PHASE_STRIP = NO;
				DEBUG_INFORMATION_FORMAT = "dwarf-with-dsym";
				DEFINES_MODULE = YES;
				ENABLE_NS_ASSERTIONS = NO;
				ENABLE_STRICT_OBJC_MSGSEND = YES;
				GCC_C_LANGUAGE_STANDARD = gnu99;
				GCC_NO_COMMON_BLOCKS = YES;
				GCC_WARN_64_TO_32_BIT_CONVERSION = YES;
				GCC_WARN_ABOUT_RETURN_TYPE = YES_ERROR;
				GCC_WARN_UNDECLARED_SELECTOR = YES;
				GCC_WARN_UNINITIALIZED_AUTOS = YES_AGGRESSIVE;
				GCC_WARN_UNUSED_FUNCTION = YES;
				GCC_WARN_UNUSED_VARIABLE = YES;
				IPHONEOS_DEPLOYMENT_TARGET = 7.0;
				MTL_ENABLE_DEBUG_INFO = NO;
				SDKROOT = iphoneos;
				TARGETED_DEVICE_FAMILY = "1,2";
				VALIDATE_PRODUCT = YES;
			};
			name = Release;
		};
		D98B8E2D1AF2801900105460 /* Debug */ = {
			isa = XCBuildConfiguration;
			buildSettings = {
				ASSETCATALOG_COMPILER_APPICON_NAME = AppIcon;
				INFOPLIST_FILE = Honour/Info.plist;
				IPHONEOS_DEPLOYMENT_TARGET = 7.0;
				LD_RUNPATH_SEARCH_PATHS = "$(inherited) @executable_path/Frameworks";
				PRODUCT_NAME = "$(TARGET_NAME)";
			};
			name = Debug;
		};
		D98B8E2E1AF2801900105460 /* Release */ = {
			isa = XCBuildConfiguration;
			buildSettings = {
				ASSETCATALOG_COMPILER_APPICON_NAME = AppIcon;
				INFOPLIST_FILE = Honour/Info.plist;
				IPHONEOS_DEPLOYMENT_TARGET = 7.0;
				LD_RUNPATH_SEARCH_PATHS = "$(inherited) @executable_path/Frameworks";
				PRODUCT_NAME = "$(TARGET_NAME)";
			};
			name = Release;
		};
		D98B8E301AF2801900105460 /* Debug */ = {
			isa = XCBuildConfiguration;
			buildSettings = {
				BUNDLE_LOADER = "$(TEST_HOST)";
				FRAMEWORK_SEARCH_PATHS = (
					"$(SDKROOT)/Developer/Library/Frameworks",
					"$(inherited)",
				);
				GCC_PREPROCESSOR_DEFINITIONS = (
					"DEBUG=1",
					"$(inherited)",
				);
				INFOPLIST_FILE = HonourTests/Info.plist;
				LD_RUNPATH_SEARCH_PATHS = "$(inherited) @executable_path/Frameworks @loader_path/Frameworks";
				PRODUCT_NAME = "$(TARGET_NAME)";
				TEST_HOST = "$(BUILT_PRODUCTS_DIR)/Honour.app/Honour";
			};
			name = Debug;
		};
		D98B8E311AF2801900105460 /* Release */ = {
			isa = XCBuildConfiguration;
			buildSettings = {
				BUNDLE_LOADER = "$(TEST_HOST)";
				FRAMEWORK_SEARCH_PATHS = (
					"$(SDKROOT)/Developer/Library/Frameworks",
					"$(inherited)",
				);
				INFOPLIST_FILE = HonourTests/Info.plist;
				LD_RUNPATH_SEARCH_PATHS = "$(inherited) @executable_path/Frameworks @loader_path/Frameworks";
				PRODUCT_NAME = "$(TARGET_NAME)";
				TEST_HOST = "$(BUILT_PRODUCTS_DIR)/Honour.app/Honour";
			};
			name = Release;
		};
/* End XCBuildConfiguration section */

/* Begin XCConfigurationList section */
		D98B8E081AF2801900105460 /* Build configuration list for PBXProject "Honour" */ = {
			isa = XCConfigurationList;
			buildConfigurations = (
				D98B8E2A1AF2801900105460 /* Debug */,
				D98B8E2B1AF2801900105460 /* Release */,
			);
			defaultConfigurationIsVisible = 0;
			defaultConfigurationName = Release;
		};
		D98B8E2C1AF2801900105460 /* Build configuration list for PBXNativeTarget "Honour" */ = {
			isa = XCConfigurationList;
			buildConfigurations = (
				D98B8E2D1AF2801900105460 /* Debug */,
				D98B8E2E1AF2801900105460 /* Release */,
			);
			defaultConfigurationIsVisible = 0;
			defaultConfigurationName = Release;
		};
		D98B8E2F1AF2801900105460 /* Build configuration list for PBXNativeTarget "HonourTests" */ = {
			isa = XCConfigurationList;
			buildConfigurations = (
				D98B8E301AF2801900105460 /* Debug */,
				D98B8E311AF2801900105460 /* Release */,
			);
			defaultConfigurationIsVisible = 0;
			defaultConfigurationName = Release;
		};
/* End XCConfigurationList section */
	};
	rootObject = D98B8E051AF2801900105460 /* Project object */;
}
